// !$*UTF8*$!
{
	archiveVersion = 1;
	classes = {
	};
	objectVersion = 55;
	objects = {

/* Begin PBXBuildFile section */
		D710E3A4285F9E9A005C4613 /* CellView.swift in Sources */ = {isa = PBXBuildFile; fileRef = D710E3A3285F9E9A005C4613 /* CellView.swift */; };
		D710E3A7285FA3FC005C4613 /* CreateViewModel.swift in Sources */ = {isa = PBXBuildFile; fileRef = D710E3A6285FA3FC005C4613 /* CreateViewModel.swift */; };
		D73D8FE82852E3F200974BBC /* AppDelegate.swift in Sources */ = {isa = PBXBuildFile; fileRef = D73D8FE72852E3F200974BBC /* AppDelegate.swift */; };
		D73D8FEA2852E3F200974BBC /* SceneDelegate.swift in Sources */ = {isa = PBXBuildFile; fileRef = D73D8FE92852E3F200974BBC /* SceneDelegate.swift */; };
		D73D8FEF2852E3F200974BBC /* Main.storyboard in Resources */ = {isa = PBXBuildFile; fileRef = D73D8FED2852E3F200974BBC /* Main.storyboard */; };
		D73D8FF12852E3F400974BBC /* Assets.xcassets in Resources */ = {isa = PBXBuildFile; fileRef = D73D8FF02852E3F400974BBC /* Assets.xcassets */; };
		D73D8FF42852E3F400974BBC /* LaunchScreen.storyboard in Resources */ = {isa = PBXBuildFile; fileRef = D73D8FF22852E3F400974BBC /* LaunchScreen.storyboard */; };
		D73D8FFF2852E3F400974BBC /* NoonaluTests.swift in Sources */ = {isa = PBXBuildFile; fileRef = D73D8FFE2852E3F400974BBC /* NoonaluTests.swift */; };
		D73D90092852E3F400974BBC /* NoonaluUITests.swift in Sources */ = {isa = PBXBuildFile; fileRef = D73D90082852E3F400974BBC /* NoonaluUITests.swift */; };
		D73D900B2852E3F400974BBC /* NoonaluUITestsLaunchTests.swift in Sources */ = {isa = PBXBuildFile; fileRef = D73D900A2852E3F400974BBC /* NoonaluUITestsLaunchTests.swift */; };
		D73D901C2852E50400974BBC /* SwiftUIHostingController.swift in Sources */ = {isa = PBXBuildFile; fileRef = D73D901B2852E50400974BBC /* SwiftUIHostingController.swift */; };
		D73D901E2852E69100974BBC /* TestEvent.swift in Sources */ = {isa = PBXBuildFile; fileRef = D73D901D2852E69100974BBC /* TestEvent.swift */; };
		D7544CDF2856858B00130EC2 /* MainNavigation.swift in Sources */ = {isa = PBXBuildFile; fileRef = D7544CDE2856858B00130EC2 /* MainNavigation.swift */; };
		D7544CE12856867D00130EC2 /* SettingsView.swift in Sources */ = {isa = PBXBuildFile; fileRef = D7544CE02856867D00130EC2 /* SettingsView.swift */; };
		D7544CE32856883E00130EC2 /* MeetingsView.swift in Sources */ = {isa = PBXBuildFile; fileRef = D7544CE22856883E00130EC2 /* MeetingsView.swift */; };
		D7544CE52856884A00130EC2 /* TeamView.swift in Sources */ = {isa = PBXBuildFile; fileRef = D7544CE42856884A00130EC2 /* TeamView.swift */; };
		D7544CE72856884B00130EC2 /* CreateView.swift in Sources */ = {isa = PBXBuildFile; fileRef = D7544CE62856884B00130EC2 /* CreateView.swift */; };
		D7656F61286CA156001995FC /* NooButton.swift in Sources */ = {isa = PBXBuildFile; fileRef = D7656F60286CA156001995FC /* NooButton.swift */; };
/* End PBXBuildFile section */

/* Begin PBXContainerItemProxy section */
		D73D8FFB2852E3F400974BBC /* PBXContainerItemProxy */ = {
			isa = PBXContainerItemProxy;
			containerPortal = D73D8FDC2852E3F200974BBC /* Project object */;
			proxyType = 1;
			remoteGlobalIDString = D73D8FE32852E3F200974BBC;
			remoteInfo = Noonalu;
		};
		D73D90052852E3F400974BBC /* PBXContainerItemProxy */ = {
			isa = PBXContainerItemProxy;
			containerPortal = D73D8FDC2852E3F200974BBC /* Project object */;
			proxyType = 1;
			remoteGlobalIDString = D73D8FE32852E3F200974BBC;
			remoteInfo = Noonalu;
		};
/* End PBXContainerItemProxy section */

/* Begin PBXFileReference section */
		D710E3A3285F9E9A005C4613 /* CellView.swift */ = {isa = PBXFileReference; lastKnownFileType = sourcecode.swift; path = CellView.swift; sourceTree = "<group>"; };
		D710E3A6285FA3FC005C4613 /* CreateViewModel.swift */ = {isa = PBXFileReference; lastKnownFileType = sourcecode.swift; path = CreateViewModel.swift; sourceTree = "<group>"; };
		D73D8FE42852E3F200974BBC /* Noonalu.app */ = {isa = PBXFileReference; explicitFileType = wrapper.application; includeInIndex = 0; path = Noonalu.app; sourceTree = BUILT_PRODUCTS_DIR; };
		D73D8FE72852E3F200974BBC /* AppDelegate.swift */ = {isa = PBXFileReference; lastKnownFileType = sourcecode.swift; path = AppDelegate.swift; sourceTree = "<group>"; };
		D73D8FE92852E3F200974BBC /* SceneDelegate.swift */ = {isa = PBXFileReference; lastKnownFileType = sourcecode.swift; path = SceneDelegate.swift; sourceTree = "<group>"; };
		D73D8FEE2852E3F200974BBC /* Base */ = {isa = PBXFileReference; lastKnownFileType = file.storyboard; name = Base; path = Base.lproj/Main.storyboard; sourceTree = "<group>"; };
		D73D8FF02852E3F400974BBC /* Assets.xcassets */ = {isa = PBXFileReference; lastKnownFileType = folder.assetcatalog; path = Assets.xcassets; sourceTree = "<group>"; };
		D73D8FF32852E3F400974BBC /* Base */ = {isa = PBXFileReference; lastKnownFileType = file.storyboard; name = Base; path = Base.lproj/LaunchScreen.storyboard; sourceTree = "<group>"; };
		D73D8FF52852E3F400974BBC /* Info.plist */ = {isa = PBXFileReference; lastKnownFileType = text.plist.xml; path = Info.plist; sourceTree = "<group>"; };
		D73D8FFA2852E3F400974BBC /* NoonaluTests.xctest */ = {isa = PBXFileReference; explicitFileType = wrapper.cfbundle; includeInIndex = 0; path = NoonaluTests.xctest; sourceTree = BUILT_PRODUCTS_DIR; };
		D73D8FFE2852E3F400974BBC /* NoonaluTests.swift */ = {isa = PBXFileReference; lastKnownFileType = sourcecode.swift; path = NoonaluTests.swift; sourceTree = "<group>"; };
		D73D90042852E3F400974BBC /* NoonaluUITests.xctest */ = {isa = PBXFileReference; explicitFileType = wrapper.cfbundle; includeInIndex = 0; path = NoonaluUITests.xctest; sourceTree = BUILT_PRODUCTS_DIR; };
		D73D90082852E3F400974BBC /* NoonaluUITests.swift */ = {isa = PBXFileReference; lastKnownFileType = sourcecode.swift; path = NoonaluUITests.swift; sourceTree = "<group>"; };
		D73D900A2852E3F400974BBC /* NoonaluUITestsLaunchTests.swift */ = {isa = PBXFileReference; lastKnownFileType = sourcecode.swift; path = NoonaluUITestsLaunchTests.swift; sourceTree = "<group>"; };
		D73D901B2852E50400974BBC /* SwiftUIHostingController.swift */ = {isa = PBXFileReference; lastKnownFileType = sourcecode.swift; path = SwiftUIHostingController.swift; sourceTree = "<group>"; };
		D73D901D2852E69100974BBC /* TestEvent.swift */ = {isa = PBXFileReference; lastKnownFileType = sourcecode.swift; path = TestEvent.swift; sourceTree = "<group>"; };
		D7544CDE2856858B00130EC2 /* MainNavigation.swift */ = {isa = PBXFileReference; lastKnownFileType = sourcecode.swift; path = MainNavigation.swift; sourceTree = "<group>"; };
		D7544CE02856867D00130EC2 /* SettingsView.swift */ = {isa = PBXFileReference; lastKnownFileType = sourcecode.swift; path = SettingsView.swift; sourceTree = "<group>"; };
		D7544CE22856883E00130EC2 /* MeetingsView.swift */ = {isa = PBXFileReference; lastKnownFileType = sourcecode.swift; path = MeetingsView.swift; sourceTree = "<group>"; };
		D7544CE42856884A00130EC2 /* TeamView.swift */ = {isa = PBXFileReference; lastKnownFileType = sourcecode.swift; path = TeamView.swift; sourceTree = "<group>"; };
		D7544CE62856884B00130EC2 /* CreateView.swift */ = {isa = PBXFileReference; lastKnownFileType = sourcecode.swift; path = CreateView.swift; sourceTree = "<group>"; };
		D7656F60286CA156001995FC /* NooButton.swift */ = {isa = PBXFileReference; lastKnownFileType = sourcecode.swift; path = NooButton.swift; sourceTree = "<group>"; };
/* End PBXFileReference section */

/* Begin PBXFrameworksBuildPhase section */
		D73D8FE12852E3F200974BBC /* Frameworks */ = {
			isa = PBXFrameworksBuildPhase;
			buildActionMask = 2147483647;
			files = (
			);
			runOnlyForDeploymentPostprocessing = 0;
		};
		D73D8FF72852E3F400974BBC /* Frameworks */ = {
			isa = PBXFrameworksBuildPhase;
			buildActionMask = 2147483647;
			files = (
			);
			runOnlyForDeploymentPostprocessing = 0;
		};
		D73D90012852E3F400974BBC /* Frameworks */ = {
			isa = PBXFrameworksBuildPhase;
			buildActionMask = 2147483647;
			files = (
			);
			runOnlyForDeploymentPostprocessing = 0;
		};
/* End PBXFrameworksBuildPhase section */

/* Begin PBXGroup section */
		D710E3A5285F9E9E005C4613 /* Base Views */ = {
			isa = PBXGroup;
			children = (
				D710E3A3285F9E9A005C4613 /* CellView.swift */,
				D7656F60286CA156001995FC /* NooButton.swift */,
			);
			path = "Base Views";
			sourceTree = "<group>";
		};
		D73D8FDB2852E3F200974BBC = {
			isa = PBXGroup;
			children = (
				D73D8FE62852E3F200974BBC /* Noonalu */,
				D73D8FFD2852E3F400974BBC /* NoonaluTests */,
				D73D90072852E3F400974BBC /* NoonaluUITests */,
				D73D8FE52852E3F200974BBC /* Products */,
			);
			sourceTree = "<group>";
		};
		D73D8FE52852E3F200974BBC /* Products */ = {
			isa = PBXGroup;
			children = (
				D73D8FE42852E3F200974BBC /* Noonalu.app */,
				D73D8FFA2852E3F400974BBC /* NoonaluTests.xctest */,
				D73D90042852E3F400974BBC /* NoonaluUITests.xctest */,
			);
			name = Products;
			sourceTree = "<group>";
		};
		D73D8FE62852E3F200974BBC /* Noonalu */ = {
			isa = PBXGroup;
			children = (
				D73D901A2852E4B200974BBC /* Models */,
				D73D90192852E4AF00974BBC /* Views */,
				D73D90182852E4AA00974BBC /* ViewModels */,
				D73D90172852E47000974BBC /* Managers */,
				D73D8FE72852E3F200974BBC /* AppDelegate.swift */,
				D73D8FE92852E3F200974BBC /* SceneDelegate.swift */,
				D73D8FED2852E3F200974BBC /* Main.storyboard */,
				D73D901B2852E50400974BBC /* SwiftUIHostingController.swift */,
				D73D8FF02852E3F400974BBC /* Assets.xcassets */,
				D73D8FF22852E3F400974BBC /* LaunchScreen.storyboard */,
				D73D8FF52852E3F400974BBC /* Info.plist */,
			);
			path = Noonalu;
			sourceTree = "<group>";
		};
		D73D8FFD2852E3F400974BBC /* NoonaluTests */ = {
			isa = PBXGroup;
			children = (
				D73D8FFE2852E3F400974BBC /* NoonaluTests.swift */,
			);
			path = NoonaluTests;
			sourceTree = "<group>";
		};
		D73D90072852E3F400974BBC /* NoonaluUITests */ = {
			isa = PBXGroup;
			children = (
				D73D90082852E3F400974BBC /* NoonaluUITests.swift */,
				D73D900A2852E3F400974BBC /* NoonaluUITestsLaunchTests.swift */,
			);
			path = NoonaluUITests;
			sourceTree = "<group>";
		};
		D73D90172852E47000974BBC /* Managers */ = {
			isa = PBXGroup;
			children = (
			);
			path = Managers;
			sourceTree = "<group>";
		};
		D73D90182852E4AA00974BBC /* ViewModels */ = {
			isa = PBXGroup;
			children = (
				D710E3A6285FA3FC005C4613 /* CreateViewModel.swift */,
			);
			path = ViewModels;
			sourceTree = "<group>";
		};
		D73D90192852E4AF00974BBC /* Views */ = {
			isa = PBXGroup;
			children = (
				D7544CE82856890000130EC2 /* Scaffolding */,
				D7544CDE2856858B00130EC2 /* MainNavigation.swift */,
				D7544CE22856883E00130EC2 /* MeetingsView.swift */,
				D710E3A5285F9E9E005C4613 /* Base Views */,
				D7544CE62856884B00130EC2 /* CreateView.swift */,
				D7544CE42856884A00130EC2 /* TeamView.swift */,
				D7544CE02856867D00130EC2 /* SettingsView.swift */,
			);
			path = Views;
			sourceTree = "<group>";
		};
		D73D901A2852E4B200974BBC /* Models */ = {
			isa = PBXGroup;
			children = (
			);
			path = Models;
			sourceTree = "<group>";
		};
		D7544CE82856890000130EC2 /* Scaffolding */ = {
			isa = PBXGroup;
			children = (
				D73D901D2852E69100974BBC /* TestEvent.swift */,
			);
			path = Scaffolding;
			sourceTree = "<group>";
		};
/* End PBXGroup section */

/* Begin PBXNativeTarget section */
		D73D8FE32852E3F200974BBC /* Noonalu */ = {
			isa = PBXNativeTarget;
			buildConfigurationList = D73D900E2852E3F400974BBC /* Build configuration list for PBXNativeTarget "Noonalu" */;
			buildPhases = (
				D73D8FE02852E3F200974BBC /* Sources */,
				D73D8FE12852E3F200974BBC /* Frameworks */,
				D73D8FE22852E3F200974BBC /* Resources */,
			);
			buildRules = (
			);
			dependencies = (
			);
			name = Noonalu;
			productName = Noonalu;
			productReference = D73D8FE42852E3F200974BBC /* Noonalu.app */;
			productType = "com.apple.product-type.application";
		};
		D73D8FF92852E3F400974BBC /* NoonaluTests */ = {
			isa = PBXNativeTarget;
			buildConfigurationList = D73D90112852E3F400974BBC /* Build configuration list for PBXNativeTarget "NoonaluTests" */;
			buildPhases = (
				D73D8FF62852E3F400974BBC /* Sources */,
				D73D8FF72852E3F400974BBC /* Frameworks */,
				D73D8FF82852E3F400974BBC /* Resources */,
			);
			buildRules = (
			);
			dependencies = (
				D73D8FFC2852E3F400974BBC /* PBXTargetDependency */,
			);
			name = NoonaluTests;
			productName = NoonaluTests;
			productReference = D73D8FFA2852E3F400974BBC /* NoonaluTests.xctest */;
			productType = "com.apple.product-type.bundle.unit-test";
		};
		D73D90032852E3F400974BBC /* NoonaluUITests */ = {
			isa = PBXNativeTarget;
			buildConfigurationList = D73D90142852E3F400974BBC /* Build configuration list for PBXNativeTarget "NoonaluUITests" */;
			buildPhases = (
				D73D90002852E3F400974BBC /* Sources */,
				D73D90012852E3F400974BBC /* Frameworks */,
				D73D90022852E3F400974BBC /* Resources */,
			);
			buildRules = (
			);
			dependencies = (
				D73D90062852E3F400974BBC /* PBXTargetDependency */,
			);
			name = NoonaluUITests;
			productName = NoonaluUITests;
			productReference = D73D90042852E3F400974BBC /* NoonaluUITests.xctest */;
			productType = "com.apple.product-type.bundle.ui-testing";
		};
/* End PBXNativeTarget section */

/* Begin PBXProject section */
		D73D8FDC2852E3F200974BBC /* Project object */ = {
			isa = PBXProject;
			attributes = {
				BuildIndependentTargetsInParallel = 1;
				LastSwiftUpdateCheck = 1320;
				LastUpgradeCheck = 1320;
				TargetAttributes = {
					D73D8FE32852E3F200974BBC = {
						CreatedOnToolsVersion = 13.2.1;
					};
					D73D8FF92852E3F400974BBC = {
						CreatedOnToolsVersion = 13.2.1;
						TestTargetID = D73D8FE32852E3F200974BBC;
					};
					D73D90032852E3F400974BBC = {
						CreatedOnToolsVersion = 13.2.1;
						TestTargetID = D73D8FE32852E3F200974BBC;
					};
				};
			};
			buildConfigurationList = D73D8FDF2852E3F200974BBC /* Build configuration list for PBXProject "Noonalu" */;
			compatibilityVersion = "Xcode 13.0";
			developmentRegion = en;
			hasScannedForEncodings = 0;
			knownRegions = (
				en,
				Base,
			);
			mainGroup = D73D8FDB2852E3F200974BBC;
			productRefGroup = D73D8FE52852E3F200974BBC /* Products */;
			projectDirPath = "";
			projectRoot = "";
			targets = (
				D73D8FE32852E3F200974BBC /* Noonalu */,
				D73D8FF92852E3F400974BBC /* NoonaluTests */,
				D73D90032852E3F400974BBC /* NoonaluUITests */,
			);
		};
/* End PBXProject section */

/* Begin PBXResourcesBuildPhase section */
		D73D8FE22852E3F200974BBC /* Resources */ = {
			isa = PBXResourcesBuildPhase;
			buildActionMask = 2147483647;
			files = (
				D73D8FF42852E3F400974BBC /* LaunchScreen.storyboard in Resources */,
				D73D8FF12852E3F400974BBC /* Assets.xcassets in Resources */,
				D73D8FEF2852E3F200974BBC /* Main.storyboard in Resources */,
			);
			runOnlyForDeploymentPostprocessing = 0;
		};
		D73D8FF82852E3F400974BBC /* Resources */ = {
			isa = PBXResourcesBuildPhase;
			buildActionMask = 2147483647;
			files = (
			);
			runOnlyForDeploymentPostprocessing = 0;
		};
		D73D90022852E3F400974BBC /* Resources */ = {
			isa = PBXResourcesBuildPhase;
			buildActionMask = 2147483647;
			files = (
			);
			runOnlyForDeploymentPostprocessing = 0;
		};
/* End PBXResourcesBuildPhase section */

/* Begin PBXSourcesBuildPhase section */
		D73D8FE02852E3F200974BBC /* Sources */ = {
			isa = PBXSourcesBuildPhase;
			buildActionMask = 2147483647;
			files = (
				D7544CE72856884B00130EC2 /* CreateView.swift in Sources */,
				D73D8FE82852E3F200974BBC /* AppDelegate.swift in Sources */,
				D7656F61286CA156001995FC /* NooButton.swift in Sources */,
				D73D901E2852E69100974BBC /* TestEvent.swift in Sources */,
				D710E3A7285FA3FC005C4613 /* CreateViewModel.swift in Sources */,
				D73D8FEA2852E3F200974BBC /* SceneDelegate.swift in Sources */,
				D7544CE12856867D00130EC2 /* SettingsView.swift in Sources */,
				D7544CE32856883E00130EC2 /* MeetingsView.swift in Sources */,
				D710E3A4285F9E9A005C4613 /* CellView.swift in Sources */,
				D7544CE52856884A00130EC2 /* TeamView.swift in Sources */,
				D73D901C2852E50400974BBC /* SwiftUIHostingController.swift in Sources */,
				D7544CDF2856858B00130EC2 /* MainNavigation.swift in Sources */,
			);
			runOnlyForDeploymentPostprocessing = 0;
		};
		D73D8FF62852E3F400974BBC /* Sources */ = {
			isa = PBXSourcesBuildPhase;
			buildActionMask = 2147483647;
			files = (
				D73D8FFF2852E3F400974BBC /* NoonaluTests.swift in Sources */,
			);
			runOnlyForDeploymentPostprocessing = 0;
		};
		D73D90002852E3F400974BBC /* Sources */ = {
			isa = PBXSourcesBuildPhase;
			buildActionMask = 2147483647;
			files = (
				D73D90092852E3F400974BBC /* NoonaluUITests.swift in Sources */,
				D73D900B2852E3F400974BBC /* NoonaluUITestsLaunchTests.swift in Sources */,
			);
			runOnlyForDeploymentPostprocessing = 0;
		};
/* End PBXSourcesBuildPhase section */

/* Begin PBXTargetDependency section */
		D73D8FFC2852E3F400974BBC /* PBXTargetDependency */ = {
			isa = PBXTargetDependency;
			target = D73D8FE32852E3F200974BBC /* Noonalu */;
			targetProxy = D73D8FFB2852E3F400974BBC /* PBXContainerItemProxy */;
		};
		D73D90062852E3F400974BBC /* PBXTargetDependency */ = {
			isa = PBXTargetDependency;
			target = D73D8FE32852E3F200974BBC /* Noonalu */;
			targetProxy = D73D90052852E3F400974BBC /* PBXContainerItemProxy */;
		};
/* End PBXTargetDependency section */

/* Begin PBXVariantGroup section */
		D73D8FED2852E3F200974BBC /* Main.storyboard */ = {
			isa = PBXVariantGroup;
			children = (
				D73D8FEE2852E3F200974BBC /* Base */,
			);
			name = Main.storyboard;
			sourceTree = "<group>";
		};
		D73D8FF22852E3F400974BBC /* LaunchScreen.storyboard */ = {
			isa = PBXVariantGroup;
			children = (
				D73D8FF32852E3F400974BBC /* Base */,
			);
			name = LaunchScreen.storyboard;
			sourceTree = "<group>";
		};
/* End PBXVariantGroup section */

/* Begin XCBuildConfiguration section */
		D73D900C2852E3F400974BBC /* Debug */ = {
			isa = XCBuildConfiguration;
			buildSettings = {
				ALWAYS_SEARCH_USER_PATHS = NO;
				CLANG_ANALYZER_NONNULL = YES;
				CLANG_ANALYZER_NUMBER_OBJECT_CONVERSION = YES_AGGRESSIVE;
				CLANG_CXX_LANGUAGE_STANDARD = "gnu++17";
				CLANG_CXX_LIBRARY = "libc++";
				CLANG_ENABLE_MODULES = YES;
				CLANG_ENABLE_OBJC_ARC = YES;
				CLANG_ENABLE_OBJC_WEAK = YES;
				CLANG_WARN_BLOCK_CAPTURE_AUTORELEASING = YES;
				CLANG_WARN_BOOL_CONVERSION = YES;
				CLANG_WARN_COMMA = YES;
				CLANG_WARN_CONSTANT_CONVERSION = YES;
				CLANG_WARN_DEPRECATED_OBJC_IMPLEMENTATIONS = YES;
				CLANG_WARN_DIRECT_OBJC_ISA_USAGE = YES_ERROR;
				CLANG_WARN_DOCUMENTATION_COMMENTS = YES;
				CLANG_WARN_EMPTY_BODY = YES;
				CLANG_WARN_ENUM_CONVERSION = YES;
				CLANG_WARN_INFINITE_RECURSION = YES;
				CLANG_WARN_INT_CONVERSION = YES;
				CLANG_WARN_NON_LITERAL_NULL_CONVERSION = YES;
				CLANG_WARN_OBJC_IMPLICIT_RETAIN_SELF = YES;
				CLANG_WARN_OBJC_LITERAL_CONVERSION = YES;
				CLANG_WARN_OBJC_ROOT_CLASS = YES_ERROR;
				CLANG_WARN_QUOTED_INCLUDE_IN_FRAMEWORK_HEADER = YES;
				CLANG_WARN_RANGE_LOOP_ANALYSIS = YES;
				CLANG_WARN_STRICT_PROTOTYPES = YES;
				CLANG_WARN_SUSPICIOUS_MOVE = YES;
				CLANG_WARN_UNGUARDED_AVAILABILITY = YES_AGGRESSIVE;
				CLANG_WARN_UNREACHABLE_CODE = YES;
				CLANG_WARN__DUPLICATE_METHOD_MATCH = YES;
				COPY_PHASE_STRIP = NO;
				DEBUG_INFORMATION_FORMAT = dwarf;
				ENABLE_STRICT_OBJC_MSGSEND = YES;
				ENABLE_TESTABILITY = YES;
				GCC_C_LANGUAGE_STANDARD = gnu11;
				GCC_DYNAMIC_NO_PIC = NO;
				GCC_NO_COMMON_BLOCKS = YES;
				GCC_OPTIMIZATION_LEVEL = 0;
				GCC_PREPROCESSOR_DEFINITIONS = (
					"DEBUG=1",
					"$(inherited)",
				);
				GCC_WARN_64_TO_32_BIT_CONVERSION = YES;
				GCC_WARN_ABOUT_RETURN_TYPE = YES_ERROR;
				GCC_WARN_UNDECLARED_SELECTOR = YES;
				GCC_WARN_UNINITIALIZED_AUTOS = YES_AGGRESSIVE;
				GCC_WARN_UNUSED_FUNCTION = YES;
				GCC_WARN_UNUSED_VARIABLE = YES;
				IPHONEOS_DEPLOYMENT_TARGET = 15.2;
				MTL_ENABLE_DEBUG_INFO = INCLUDE_SOURCE;
				MTL_FAST_MATH = YES;
				ONLY_ACTIVE_ARCH = YES;
				SDKROOT = iphoneos;
				SWIFT_ACTIVE_COMPILATION_CONDITIONS = DEBUG;
				SWIFT_OPTIMIZATION_LEVEL = "-Onone";
			};
			name = Debug;
		};
		D73D900D2852E3F400974BBC /* Release */ = {
			isa = XCBuildConfiguration;
			buildSettings = {
				ALWAYS_SEARCH_USER_PATHS = NO;
				CLANG_ANALYZER_NONNULL = YES;
				CLANG_ANALYZER_NUMBER_OBJECT_CONVERSION = YES_AGGRESSIVE;
				CLANG_CXX_LANGUAGE_STANDARD = "gnu++17";
				CLANG_CXX_LIBRARY = "libc++";
				CLANG_ENABLE_MODULES = YES;
				CLANG_ENABLE_OBJC_ARC = YES;
				CLANG_ENABLE_OBJC_WEAK = YES;
				CLANG_WARN_BLOCK_CAPTURE_AUTORELEASING = YES;
				CLANG_WARN_BOOL_CONVERSION = YES;
				CLANG_WARN_COMMA = YES;
				CLANG_WARN_CONSTANT_CONVERSION = YES;
				CLANG_WARN_DEPRECATED_OBJC_IMPLEMENTATIONS = YES;
				CLANG_WARN_DIRECT_OBJC_ISA_USAGE = YES_ERROR;
				CLANG_WARN_DOCUMENTATION_COMMENTS = YES;
				CLANG_WARN_EMPTY_BODY = YES;
				CLANG_WARN_ENUM_CONVERSION = YES;
				CLANG_WARN_INFINITE_RECURSION = YES;
				CLANG_WARN_INT_CONVERSION = YES;
				CLANG_WARN_NON_LITERAL_NULL_CONVERSION = YES;
				CLANG_WARN_OBJC_IMPLICIT_RETAIN_SELF = YES;
				CLANG_WARN_OBJC_LITERAL_CONVERSION = YES;
				CLANG_WARN_OBJC_ROOT_CLASS = YES_ERROR;
				CLANG_WARN_QUOTED_INCLUDE_IN_FRAMEWORK_HEADER = YES;
				CLANG_WARN_RANGE_LOOP_ANALYSIS = YES;
				CLANG_WARN_STRICT_PROTOTYPES = YES;
				CLANG_WARN_SUSPICIOUS_MOVE = YES;
				CLANG_WARN_UNGUARDED_AVAILABILITY = YES_AGGRESSIVE;
				CLANG_WARN_UNREACHABLE_CODE = YES;
				CLANG_WARN__DUPLICATE_METHOD_MATCH = YES;
				COPY_PHASE_STRIP = NO;
				DEBUG_INFORMATION_FORMAT = "dwarf-with-dsym";
				ENABLE_NS_ASSERTIONS = NO;
				ENABLE_STRICT_OBJC_MSGSEND = YES;
				GCC_C_LANGUAGE_STANDARD = gnu11;
				GCC_NO_COMMON_BLOCKS = YES;
				GCC_WARN_64_TO_32_BIT_CONVERSION = YES;
				GCC_WARN_ABOUT_RETURN_TYPE = YES_ERROR;
				GCC_WARN_UNDECLARED_SELECTOR = YES;
				GCC_WARN_UNINITIALIZED_AUTOS = YES_AGGRESSIVE;
				GCC_WARN_UNUSED_FUNCTION = YES;
				GCC_WARN_UNUSED_VARIABLE = YES;
				IPHONEOS_DEPLOYMENT_TARGET = 15.2;
				MTL_ENABLE_DEBUG_INFO = NO;
				MTL_FAST_MATH = YES;
				SDKROOT = iphoneos;
				SWIFT_COMPILATION_MODE = wholemodule;
				SWIFT_OPTIMIZATION_LEVEL = "-O";
				VALIDATE_PRODUCT = YES;
			};
			name = Release;
		};
		D73D900F2852E3F400974BBC /* Debug */ = {
			isa = XCBuildConfiguration;
			buildSettings = {
				ASSETCATALOG_COMPILER_APPICON_NAME = AppIcon;
				ASSETCATALOG_COMPILER_GLOBAL_ACCENT_COLOR_NAME = AccentColor;
				CODE_SIGN_STYLE = Automatic;
				CURRENT_PROJECT_VERSION = 1;
				DEVELOPMENT_TEAM = CAUV8X6AAP;
				GENERATE_INFOPLIST_FILE = YES;
				INFOPLIST_FILE = Noonalu/Info.plist;
				INFOPLIST_KEY_UIApplicationSupportsIndirectInputEvents = YES;
				INFOPLIST_KEY_UILaunchStoryboardName = LaunchScreen;
				INFOPLIST_KEY_UIMainStoryboardFile = Main;
				INFOPLIST_KEY_UISupportedInterfaceOrientations_iPad = "UIInterfaceOrientationPortrait UIInterfaceOrientationPortraitUpsideDown UIInterfaceOrientationLandscapeLeft UIInterfaceOrientationLandscapeRight";
				INFOPLIST_KEY_UISupportedInterfaceOrientations_iPhone = "UIInterfaceOrientationPortrait UIInterfaceOrientationLandscapeLeft UIInterfaceOrientationLandscapeRight";
				LD_RUNPATH_SEARCH_PATHS = (
					"$(inherited)",
					"@executable_path/Frameworks",
				);
				MARKETING_VERSION = 1.0;
				PRODUCT_BUNDLE_IDENTIFIER = me.peterkos.Noonalu;
				PRODUCT_NAME = "$(TARGET_NAME)";
				SWIFT_EMIT_LOC_STRINGS = YES;
				SWIFT_VERSION = 5.0;
				TARGETED_DEVICE_FAMILY = "1,2";
			};
			name = Debug;
		};
		D73D90102852E3F400974BBC /* Release */ = {
			isa = XCBuildConfiguration;
			buildSettings = {
				ASSETCATALOG_COMPILER_APPICON_NAME = AppIcon;
				ASSETCATALOG_COMPILER_GLOBAL_ACCENT_COLOR_NAME = AccentColor;
				CODE_SIGN_STYLE = Automatic;
				CURRENT_PROJECT_VERSION = 1;
				DEVELOPMENT_TEAM = CAUV8X6AAP;
				GENERATE_INFOPLIST_FILE = YES;
				INFOPLIST_FILE = Noonalu/Info.plist;
				INFOPLIST_KEY_UIApplicationSupportsIndirectInputEvents = YES;
				INFOPLIST_KEY_UILaunchStoryboardName = LaunchScreen;
				INFOPLIST_KEY_UIMainStoryboardFile = Main;
				INFOPLIST_KEY_UISupportedInterfaceOrientations_iPad = "UIInterfaceOrientationPortrait UIInterfaceOrientationPortraitUpsideDown UIInterfaceOrientationLandscapeLeft UIInterfaceOrientationLandscapeRight";
				INFOPLIST_KEY_UISupportedInterfaceOrientations_iPhone = "UIInterfaceOrientationPortrait UIInterfaceOrientationLandscapeLeft UIInterfaceOrientationLandscapeRight";
				LD_RUNPATH_SEARCH_PATHS = (
					"$(inherited)",
					"@executable_path/Frameworks",
				);
				MARKETING_VERSION = 1.0;
				PRODUCT_BUNDLE_IDENTIFIER = me.peterkos.Noonalu;
				PRODUCT_NAME = "$(TARGET_NAME)";
				SWIFT_EMIT_LOC_STRINGS = YES;
				SWIFT_VERSION = 5.0;
				TARGETED_DEVICE_FAMILY = "1,2";
			};
			name = Release;
		};
		D73D90122852E3F400974BBC /* Debug */ = {
			isa = XCBuildConfiguration;
			buildSettings = {
				ALWAYS_EMBED_SWIFT_STANDARD_LIBRARIES = YES;
				BUNDLE_LOADER = "$(TEST_HOST)";
				CODE_SIGN_STYLE = Automatic;
				CURRENT_PROJECT_VERSION = 1;
				DEVELOPMENT_TEAM = CAUV8X6AAP;
				GENERATE_INFOPLIST_FILE = YES;
				IPHONEOS_DEPLOYMENT_TARGET = 15.2;
				MARKETING_VERSION = 1.0;
				PRODUCT_BUNDLE_IDENTIFIER = me.peterkos.NoonaluTests;
				PRODUCT_NAME = "$(TARGET_NAME)";
				SWIFT_EMIT_LOC_STRINGS = NO;
				SWIFT_VERSION = 5.0;
				TARGETED_DEVICE_FAMILY = "1,2";
				TEST_HOST = "$(BUILT_PRODUCTS_DIR)/Noonalu.app/Noonalu";
			};
			name = Debug;
		};
		D73D90132852E3F400974BBC /* Release */ = {
			isa = XCBuildConfiguration;
			buildSettings = {
				ALWAYS_EMBED_SWIFT_STANDARD_LIBRARIES = YES;
				BUNDLE_LOADER = "$(TEST_HOST)";
				CODE_SIGN_STYLE = Automatic;
				CURRENT_PROJECT_VERSION = 1;
				DEVELOPMENT_TEAM = CAUV8X6AAP;
				GENERATE_INFOPLIST_FILE = YES;
				IPHONEOS_DEPLOYMENT_TARGET = 15.2;
				MARKETING_VERSION = 1.0;
				PRODUCT_BUNDLE_IDENTIFIER = me.peterkos.NoonaluTests;
				PRODUCT_NAME = "$(TARGET_NAME)";
				SWIFT_EMIT_LOC_STRINGS = NO;
				SWIFT_VERSION = 5.0;
				TARGETED_DEVICE_FAMILY = "1,2";
				TEST_HOST = "$(BUILT_PRODUCTS_DIR)/Noonalu.app/Noonalu";
			};
			name = Release;
		};
		D73D90152852E3F400974BBC /* Debug */ = {
			isa = XCBuildConfiguration;
			buildSettings = {
				ALWAYS_EMBED_SWIFT_STANDARD_LIBRARIES = YES;
				CODE_SIGN_STYLE = Automatic;
				CURRENT_PROJECT_VERSION = 1;
				DEVELOPMENT_TEAM = CAUV8X6AAP;
				GENERATE_INFOPLIST_FILE = YES;
				MARKETING_VERSION = 1.0;
				PRODUCT_BUNDLE_IDENTIFIER = me.peterkos.NoonaluUITests;
				PRODUCT_NAME = "$(TARGET_NAME)";
				SWIFT_EMIT_LOC_STRINGS = NO;
				SWIFT_VERSION = 5.0;
				TARGETED_DEVICE_FAMILY = "1,2";
				TEST_TARGET_NAME = Noonalu;
			};
			name = Debug;
		};
		D73D90162852E3F400974BBC /* Release */ = {
			isa = XCBuildConfiguration;
			buildSettings = {
				ALWAYS_EMBED_SWIFT_STANDARD_LIBRARIES = YES;
				CODE_SIGN_STYLE = Automatic;
				CURRENT_PROJECT_VERSION = 1;
				DEVELOPMENT_TEAM = CAUV8X6AAP;
				GENERATE_INFOPLIST_FILE = YES;
				MARKETING_VERSION = 1.0;
				PRODUCT_BUNDLE_IDENTIFIER = me.peterkos.NoonaluUITests;
				PRODUCT_NAME = "$(TARGET_NAME)";
				SWIFT_EMIT_LOC_STRINGS = NO;
				SWIFT_VERSION = 5.0;
				TARGETED_DEVICE_FAMILY = "1,2";
				TEST_TARGET_NAME = Noonalu;
			};
			name = Release;
		};
/* End XCBuildConfiguration section */

/* Begin XCConfigurationList section */
		D73D8FDF2852E3F200974BBC /* Build configuration list for PBXProject "Noonalu" */ = {
			isa = XCConfigurationList;
			buildConfigurations = (
				D73D900C2852E3F400974BBC /* Debug */,
				D73D900D2852E3F400974BBC /* Release */,
			);
			defaultConfigurationIsVisible = 0;
			defaultConfigurationName = Release;
		};
		D73D900E2852E3F400974BBC /* Build configuration list for PBXNativeTarget "Noonalu" */ = {
			isa = XCConfigurationList;
			buildConfigurations = (
				D73D900F2852E3F400974BBC /* Debug */,
				D73D90102852E3F400974BBC /* Release */,
			);
			defaultConfigurationIsVisible = 0;
			defaultConfigurationName = Release;
		};
		D73D90112852E3F400974BBC /* Build configuration list for PBXNativeTarget "NoonaluTests" */ = {
			isa = XCConfigurationList;
			buildConfigurations = (
				D73D90122852E3F400974BBC /* Debug */,
				D73D90132852E3F400974BBC /* Release */,
			);
			defaultConfigurationIsVisible = 0;
			defaultConfigurationName = Release;
		};
		D73D90142852E3F400974BBC /* Build configuration list for PBXNativeTarget "NoonaluUITests" */ = {
			isa = XCConfigurationList;
			buildConfigurations = (
				D73D90152852E3F400974BBC /* Debug */,
				D73D90162852E3F400974BBC /* Release */,
			);
			defaultConfigurationIsVisible = 0;
			defaultConfigurationName = Release;
		};
/* End XCConfigurationList section */
	};
	rootObject = D73D8FDC2852E3F200974BBC /* Project object */;
}
